{
  "name": "composition",
  "version": "0.0.1",
  "lockfileVersion": 1,
  "requires": true,
  "dependencies": {
    "@stencil/core": {
      "version": "2.0.3",
      "resolved": "https://registry.npmjs.org/@stencil/core/-/core-2.0.3.tgz",
      "integrity": "sha512-d4qLDN7HKwJEK+ljhknD8azpM4bF49Dv7h5yG3RF+SPo8uozDq3p5ZNj1MgZoRgzh04kXNyG/MKnD8H2QN5YVw=="
    },
    "@vue/reactivity": {
      "version": "3.0.0-rc.10",
      "resolved": "https://registry.npmjs.org/@vue/reactivity/-/reactivity-3.0.0-rc.10.tgz",
      "integrity": "sha512-mkUZfOJlbqGZx2cARmhCs5r2+xLJPL7VFNagmlA3Fd66ZXBc3ZvTQdYsY4VUbYJFe5ByIzqu9TZiAkzXY+JVaA==",
      "requires": {
        "@vue/shared": "3.0.0-rc.10"
      }
    },
    "@vue/shared": {
      "version": "3.0.0-rc.10",
      "resolved": "https://registry.npmjs.org/@vue/shared/-/shared-3.0.0-rc.10.tgz",
      "integrity": "sha512-fI6gVhhgb3cAmEkY4oeVVA2hWZ2xvkgogHdBI5PL7gSvZnOB6XZ2eQGsYjC4W+7BegvEkoMBuZsFXVa4ZQ07XQ=="
    }
  }
}
